{
    __meta__ = {
        version = "1.0"
    },
    ["windows|x64"] = {
        ["cmake#31fecfc4"] = {
            repo = {
                branch = "master",
                commit = "ea9a6999d5179e9d96d123c24f77696d52a30007",
                url = "https://gitlab.com/tboox/xmake-repo.git"
            },
            version = "3.31.0"
        },
        ["directxmath#31fecfc4"] = {
            repo = {
                branch = "master",
                commit = "b2d6e85d23e92d8b8aade0f5cf926075912e7e37",
                url = "https://gitlab.com/tboox/xmake-repo.git"
            },
            version = "2024.02"
        },
        ["directxtk#31fecfc4"] = {
            repo = {
                branch = "master",
                commit = "b2d6e85d23e92d8b8aade0f5cf926075912e7e37",
                url = "https://gitlab.com/tboox/xmake-repo.git"
            },
            version = "24.2.0"
        },
        ["simpleini#31fecfc4"] = {
            repo = {
                branch = "master",
                commit = "193aab3a94c28a30d8d509b1c21ee9ec1db458bf",
                url = "https://gitlab.com/tboox/xmake-repo.git"
            },
            version = "v4.22"
        },
        ["spdlog#9c36f0a9"] = {
            repo = {
                branch = "master",
                commit = "ea9a6999d5179e9d96d123c24f77696d52a30007",
                url = "https://gitlab.com/tboox/xmake-repo.git"
            },
            version = "v1.15.0"
        }
    }
}